
Microsoft Visual Studio Solution File, Format Version 12.00
# Visual Studio 15
VisualStudioVersion = 15.0.28010.2050
MinimumVisualStudioVersion = 10.0.40219.1
Project("{FAE04EC0-301F-11D3-BF4B-00C04F79EFBC}") = "App.Android", "App\App.Android\App.Android.csproj", "{6B99285F-DC19-4EAF-9AB5-9D39AD2B007B}"
EndProject
Project("{FAE04EC0-301F-11D3-BF4B-00C04F79EFBC}") = "App.iOS", "App\App.iOS\App.iOS.csproj", "{E4ED9845-372B-485A-A083-1A9E446B6402}"
EndProject
Project("{FAE04EC0-301F-11D3-BF4B-00C04F79EFBC}") = "App", "App\App\App.csproj", "{D350D191-AD9D-4FC6-8FD7-E84262AAD865}"
EndProject
Global
	GlobalSection(SolutionConfigurationPlatforms) = preSolution
		Ad-Hoc|Any CPU = Ad-Hoc|Any CPU
		Ad-Hoc|iPhone = Ad-Hoc|iPhone
		Ad-Hoc|iPhoneSimulator = Ad-Hoc|iPhoneSimulator
		AppStore|Any CPU = AppStore|Any CPU
		AppStore|iPhone = AppStore|iPhone
		AppStore|iPhoneSimulator = AppStore|iPhoneSimulator
		Debug|Any CPU = Debug|Any CPU
		Debug|iPhone = Debug|iPhone
		Debug|iPhoneSimulator = Debug|iPhoneSimulator
		Release|Any CPU = Release|Any CPU
		Release|iPhone = Release|iPhone
		Release|iPhoneSimulator = Release|iPhoneSimulator
	EndGlobalSection
	GlobalSection(ProjectConfigurationPlatforms) = postSolution
		{6B99285F-DC19-4EAF-9AB5-9D39AD2B007B}.Ad-Hoc|Any CPU.ActiveCfg = Release|Any CPU
		{6B99285F-DC19-4EAF-9AB5-9D39AD2B007B}.Ad-Hoc|Any CPU.Build.0 = Release|Any CPU
		{6B99285F-DC19-4EAF-9AB5-9D39AD2B007B}.Ad-Hoc|Any CPU.Deploy.0 = Release|Any CPU
		{6B99285F-DC19-4EAF-9AB5-9D39AD2B007B}.Ad-Hoc|iPhone.ActiveCfg = Release|Any CPU
		{6B99285F-DC19-4EAF-9AB5-9D39AD2B007B}.Ad-Hoc|iPhone.Build.0 = Release|Any CPU
		{6B99285F-DC19-4EAF-9AB5-9D39AD2B007B}.Ad-Hoc|iPhone.Deploy.0 = Release|Any CPU
		{6B99285F-DC19-4EAF-9AB5-9D39AD2B007B}.Ad-Hoc|iPhoneSimulator.ActiveCfg = Release|Any CPU
		{6B99285F-DC19-4EAF-9AB5-9D39AD2B007B}.Ad-Hoc|iPhoneSimulator.Build.0 = Release|Any CPU
		{6B99285F-DC19-4EAF-9AB5-9D39AD2B007B}.Ad-Hoc|iPhoneSimulator.Deploy.0 = Release|Any CPU
		{6B99285F-DC19-4EAF-9AB5-9D39AD2B007B}.AppStore|Any CPU.ActiveCfg = Release|Any CPU
		{6B99285F-DC19-4EAF-9AB5-9D39AD2B007B}.AppStore|Any CPU.Build.0 = Release|Any CPU
		{6B99285F-DC19-4EAF-9AB5-9D39AD2B007B}.AppStore|Any CPU.Deploy.0 = Release|Any CPU
		{6B99285F-DC19-4EAF-9AB5-9D39AD2B007B}.AppStore|iPhone.ActiveCfg = Release|Any CPU
		{6B99285F-DC19-4EAF-9AB5-9D39AD2B007B}.AppStore|iPhone.Build.0 = Release|Any CPU
		{6B99285F-DC19-4EAF-9AB5-9D39AD2B007B}.AppStore|iPhone.Deploy.0 = Release|Any CPU
		{6B99285F-DC19-4EAF-9AB5-9D39AD2B007B}.AppStore|iPhoneSimulator.ActiveCfg = Release|Any CPU
		{6B99285F-DC19-4EAF-9AB5-9D39AD2B007B}.AppStore|iPhoneSimulator.Build.0 = Release|Any CPU
		{6B99285F-DC19-4EAF-9AB5-9D39AD2B007B}.AppStore|iPhoneSimulator.Deploy.0 = Release|Any CPU
		{6B99285F-DC19-4EAF-9AB5-9D39AD2B007B}.Debug|Any CPU.ActiveCfg = Debug|Any CPU
		{6B99285F-DC19-4EAF-9AB5-9D39AD2B007B}.Debug|Any CPU.Build.0 = Debug|Any CPU
		{6B99285F-DC19-4EAF-9AB5-9D39AD2B007B}.Debug|Any CPU.Deploy.0 = Debug|Any CPU
		{6B99285F-DC19-4EAF-9AB5-9D39AD2B007B}.Debug|iPhone.ActiveCfg = Debug|Any CPU
		{6B99285F-DC19-4EAF-9AB5-9D39AD2B007B}.Debug|iPhone.Build.0 = Debug|Any CPU
		{6B99285F-DC19-4EAF-9AB5-9D39AD2B007B}.Debug|iPhone.Deploy.0 = Debug|Any CPU
		{6B99285F-DC19-4EAF-9AB5-9D39AD2B007B}.Debug|iPhoneSimulator.ActiveCfg = Debug|Any CPU
		{6B99285F-DC19-4EAF-9AB5-9D39AD2B007B}.Debug|iPhoneSimulator.Build.0 = Debug|Any CPU
		{6B99285F-DC19-4EAF-9AB5-9D39AD2B007B}.Debug|iPhoneSimulator.Deploy.0 = Debug|Any CPU
		{6B99285F-DC19-4EAF-9AB5-9D39AD2B007B}.Release|Any CPU.ActiveCfg = Release|Any CPU
		{6B99285F-DC19-4EAF-9AB5-9D39AD2B007B}.Release|Any CPU.Build.0 = Release|Any CPU
		{6B99285F-DC19-4EAF-9AB5-9D39AD2B007B}.Release|Any CPU.Deploy.0 = Release|Any CPU
		{6B99285F-DC19-4EAF-9AB5-9D39AD2B007B}.Release|iPhone.ActiveCfg = Release|Any CPU
		{6B99285F-DC19-4EAF-9AB5-9D39AD2B007B}.Release|iPhone.Build.0 = Release|Any CPU
		{6B99285F-DC19-4EAF-9AB5-9D39AD2B007B}.Release|iPhone.Deploy.0 = Release|Any CPU
		{6B99285F-DC19-4EAF-9AB5-9D39AD2B007B}.Release|iPhoneSimulator.ActiveCfg = Release|Any CPU
		{6B99285F-DC19-4EAF-9AB5-9D39AD2B007B}.Release|iPhoneSimulator.Build.0 = Release|Any CPU
		{6B99285F-DC19-4EAF-9AB5-9D39AD2B007B}.Release|iPhoneSimulator.Deploy.0 = Release|Any CPU
		{E4ED9845-372B-485A-A083-1A9E446B6402}.Ad-Hoc|Any CPU.ActiveCfg = Ad-Hoc|iPhone
		{E4ED9845-372B-485A-A083-1A9E446B6402}.Ad-Hoc|Any CPU.Build.0 = Ad-Hoc|iPhone
		{E4ED9845-372B-485A-A083-1A9E446B6402}.Ad-Hoc|Any CPU.Deploy.0 = Ad-Hoc|iPhone
		{E4ED9845-372B-485A-A083-1A9E446B6402}.Ad-Hoc|iPhone.ActiveCfg = Ad-Hoc|iPhone
		{E4ED9845-372B-485A-A083-1A9E446B6402}.Ad-Hoc|iPhone.Build.0 = Ad-Hoc|iPhone
		{E4ED9845-372B-485A-A083-1A9E446B6402}.Ad-Hoc|iPhone.Deploy.0 = Ad-Hoc|iPhone
		{E4ED9845-372B-485A-A083-1A9E446B6402}.Ad-Hoc|iPhoneSimulator.ActiveCfg = Ad-Hoc|iPhoneSimulator
		{E4ED9845-372B-485A-A083-1A9E446B6402}.Ad-Hoc|iPhoneSimulator.Build.0 = Ad-Hoc|iPhoneSimulator
		{E4ED9845-372B-485A-A083-1A9E446B6402}.Ad-Hoc|iPhoneSimulator.Deploy.0 = Ad-Hoc|iPhoneSimulator
		{E4ED9845-372B-485A-A083-1A9E446B6402}.AppStore|Any CPU.ActiveCfg = AppStore|iPhone
		{E4ED9845-372B-485A-A083-1A9E446B6402}.AppStore|Any CPU.Build.0 = AppStore|iPhone
		{E4ED9845-372B-485A-A083-1A9E446B6402}.AppStore|Any CPU.Deploy.0 = AppStore|iPhone
		{E4ED9845-372B-485A-A083-1A9E446B6402}.AppStore|iPhone.ActiveCfg = AppStore|iPhone
		{E4ED9845-372B-485A-A083-1A9E446B6402}.AppStore|iPhone.Build.0 = AppStore|iPhone
		{E4ED9845-372B-485A-A083-1A9E446B6402}.AppStore|iPhone.Deploy.0 = AppStore|iPhone
		{E4ED9845-372B-485A-A083-1A9E446B6402}.AppStore|iPhoneSimulator.ActiveCfg = AppStore|iPhoneSimulator
		{E4ED9845-372B-485A-A083-1A9E446B6402}.AppStore|iPhoneSimulator.Build.0 = AppStore|iPhoneSimulator
		{E4ED9845-372B-485A-A083-1A9E446B6402}.AppStore|iPhoneSimulator.Deploy.0 = AppStore|iPhoneSimulator
		{E4ED9845-372B-485A-A083-1A9E446B6402}.Debug|Any CPU.ActiveCfg = Debug|iPhoneSimulator
		{E4ED9845-372B-485A-A083-1A9E446B6402}.Debug|Any CPU.Build.0 = Debug|iPhoneSimulator
		{E4ED9845-372B-485A-A083-1A9E446B6402}.Debug|Any CPU.Deploy.0 = Debug|iPhoneSimulator
		{E4ED9845-372B-485A-A083-1A9E446B6402}.Debug|iPhone.ActiveCfg = Debug|iPhone
		{E4ED9845-372B-485A-A083-1A9E446B6402}.Debug|iPhone.Build.0 = Debug|iPhone
		{E4ED9845-372B-485A-A083-1A9E446B6402}.Debug|iPhone.Deploy.0 = Debug|iPhone
		{E4ED9845-372B-485A-A083-1A9E446B6402}.Debug|iPhoneSimulator.ActiveCfg = Debug|iPhoneSimulator
		{E4ED9845-372B-485A-A083-1A9E446B6402}.Debug|iPhoneSimulator.Build.0 = Debug|iPhoneSimulator
		{E4ED9845-372B-485A-A083-1A9E446B6402}.Debug|iPhoneSimulator.Deploy.0 = Debug|iPhoneSimulator
		{E4ED9845-372B-485A-A083-1A9E446B6402}.Release|Any CPU.ActiveCfg = Release|iPhone
		{E4ED9845-372B-485A-A083-1A9E446B6402}.Release|Any CPU.Build.0 = Release|iPhone
		{E4ED9845-372B-485A-A083-1A9E446B6402}.Release|Any CPU.Deploy.0 = Release|iPhone
		{E4ED9845-372B-485A-A083-1A9E446B6402}.Release|iPhone.ActiveCfg = Release|iPhone
		{E4ED9845-372B-485A-A083-1A9E446B6402}.Release|iPhone.Build.0 = Release|iPhone
		{E4ED9845-372B-485A-A083-1A9E446B6402}.Release|iPhone.Deploy.0 = Release|iPhone
		{E4ED9845-372B-485A-A083-1A9E446B6402}.Release|iPhoneSimulator.ActiveCfg = Release|iPhoneSimulator
		{E4ED9845-372B-485A-A083-1A9E446B6402}.Release|iPhoneSimulator.Build.0 = Release|iPhoneSimulator
		{E4ED9845-372B-485A-A083-1A9E446B6402}.Release|iPhoneSimulator.Deploy.0 = Release|iPhoneSimulator
		{D350D191-AD9D-4FC6-8FD7-E84262AAD865}.Ad-Hoc|Any CPU.ActiveCfg = Debug|Any CPU
		{D350D191-AD9D-4FC6-8FD7-E84262AAD865}.Ad-Hoc|Any CPU.Build.0 = Debug|Any CPU
		{D350D191-AD9D-4FC6-8FD7-E84262AAD865}.Ad-Hoc|Any CPU.Deploy.0 = Debug|Any CPU
		{D350D191-AD9D-4FC6-8FD7-E84262AAD865}.Ad-Hoc|iPhone.ActiveCfg = Debug|Any CPU
		{D350D191-AD9D-4FC6-8FD7-E84262AAD865}.Ad-Hoc|iPhone.Build.0 = Debug|Any CPU
		{D350D191-AD9D-4FC6-8FD7-E84262AAD865}.Ad-Hoc|iPhone.Deploy.0 = Debug|Any CPU
		{D350D191-AD9D-4FC6-8FD7-E84262AAD865}.Ad-Hoc|iPhoneSimulator.ActiveCfg = Debug|Any CPU
		{D350D191-AD9D-4FC6-8FD7-E84262AAD865}.Ad-Hoc|iPhoneSimulator.Build.0 = Debug|Any CPU
		{D350D191-AD9D-4FC6-8FD7-E84262AAD865}.Ad-Hoc|iPhoneSimulator.Deploy.0 = Debug|Any CPU
		{D350D191-AD9D-4FC6-8FD7-E84262AAD865}.AppStore|Any CPU.ActiveCfg = Debug|Any CPU
		{D350D191-AD9D-4FC6-8FD7-E84262AAD865}.AppStore|Any CPU.Build.0 = Debug|Any CPU
		{D350D191-AD9D-4FC6-8FD7-E84262AAD865}.AppStore|Any CPU.Deploy.0 = Debug|Any CPU
		{D350D191-AD9D-4FC6-8FD7-E84262AAD865}.AppStore|iPhone.ActiveCfg = Debug|Any CPU
		{D350D191-AD9D-4FC6-8FD7-E84262AAD865}.AppStore|iPhone.Build.0 = Debug|Any CPU
		{D350D191-AD9D-4FC6-8FD7-E84262AAD865}.AppStore|iPhone.Deploy.0 = Debug|Any CPU
		{D350D191-AD9D-4FC6-8FD7-E84262AAD865}.AppStore|iPhoneSimulator.ActiveCfg = Debug|Any CPU
		{D350D191-AD9D-4FC6-8FD7-E84262AAD865}.AppStore|iPhoneSimulator.Build.0 = Debug|Any CPU
		{D350D191-AD9D-4FC6-8FD7-E84262AAD865}.AppStore|iPhoneSimulator.Deploy.0 = Debug|Any CPU
		{D350D191-AD9D-4FC6-8FD7-E84262AAD865}.Debug|Any CPU.ActiveCfg = Debug|Any CPU
		{D350D191-AD9D-4FC6-8FD7-E84262AAD865}.Debug|Any CPU.Build.0 = Debug|Any CPU
		{D350D191-AD9D-4FC6-8FD7-E84262AAD865}.Debug|Any CPU.Deploy.0 = Debug|Any CPU
		{D350D191-AD9D-4FC6-8FD7-E84262AAD865}.Debug|iPhone.ActiveCfg = Debug|Any CPU
		{D350D191-AD9D-4FC6-8FD7-E84262AAD865}.Debug|iPhone.Build.0 = Debug|Any CPU
		{D350D191-AD9D-4FC6-8FD7-E84262AAD865}.Debug|iPhone.Deploy.0 = Debug|Any CPU
		{D350D191-AD9D-4FC6-8FD7-E84262AAD865}.Debug|iPhoneSimulator.ActiveCfg = Debug|Any CPU
		{D350D191-AD9D-4FC6-8FD7-E84262AAD865}.Debug|iPhoneSimulator.Build.0 = Debug|Any CPU
		{D350D191-AD9D-4FC6-8FD7-E84262AAD865}.Debug|iPhoneSimulator.Deploy.0 = Debug|Any CPU
		{D350D191-AD9D-4FC6-8FD7-E84262AAD865}.Release|Any CPU.ActiveCfg = Release|Any CPU
		{D350D191-AD9D-4FC6-8FD7-E84262AAD865}.Release|Any CPU.Build.0 = Release|Any CPU
		{D350D191-AD9D-4FC6-8FD7-E84262AAD865}.Release|Any CPU.Deploy.0 = Release|Any CPU
		{D350D191-AD9D-4FC6-8FD7-E84262AAD865}.Release|iPhone.ActiveCfg = Release|Any CPU
		{D350D191-AD9D-4FC6-8FD7-E84262AAD865}.Release|iPhone.Build.0 = Release|Any CPU
		{D350D191-AD9D-4FC6-8FD7-E84262AAD865}.Release|iPhone.Deploy.0 = Release|Any CPU
		{D350D191-AD9D-4FC6-8FD7-E84262AAD865}.Release|iPhoneSimulator.ActiveCfg = Release|Any CPU
		{D350D191-AD9D-4FC6-8FD7-E84262AAD865}.Release|iPhoneSimulator.Build.0 = Release|Any CPU
		{D350D191-AD9D-4FC6-8FD7-E84262AAD865}.Release|iPhoneSimulator.Deploy.0 = Release|Any CPU
	EndGlobalSection
	GlobalSection(SolutionProperties) = preSolution
		HideSolutionNode = FALSE
	EndGlobalSection
	GlobalSection(ExtensibilityGlobals) = postSolution
		SolutionGuid = {5ECDF2A9-AB4A-4236-A941-D5352F2EC4F1}
	EndGlobalSection
EndGlobal
